
Microsoft Visual Studio Solution File, Format Version 12.00
# Visual Studio Version 17
VisualStudioVersion = 17.0.31903.59
MinimumVisualStudioVersion = 10.0.40219.1
Project("{FAE04EC0-301F-11D3-BF4B-00C04F79EFBC}") = "Test", "Test\Test.csproj", "{1B5BFCBD-0772-4B82-8C64-2329DC7ADE10}"
EndProject
Project("{2150E333-8FDC-42A3-9474-1A3956D46DE8}") = "src", "src", "{0A08A8D0-EAC6-4A5F-AB56-EFF95B5F8BC4}"
EndProject
Project("{FAE04EC0-301F-11D3-BF4B-00C04F79EFBC}") = "classLibrary", "src\classLibrary\classLibrary.csproj", "{AEEC3F5A-5C00-4959-B4DB-5A773A6D1A42}"
EndProject
Global
	GlobalSection(SolutionConfigurationPlatforms) = preSolution
		Debug|Any CPU = Debug|Any CPU
		Release|Any CPU = Release|Any CPU
	EndGlobalSection
	GlobalSection(SolutionProperties) = preSolution
		HideSolutionNode = FALSE
	EndGlobalSection
	GlobalSection(ProjectConfigurationPlatforms) = postSolution
		{1B5BFCBD-0772-4B82-8C64-2329DC7ADE10}.Debug|Any CPU.ActiveCfg = Debug|Any CPU
		{1B5BFCBD-0772-4B82-8C64-2329DC7ADE10}.Debug|Any CPU.Build.0 = Debug|Any CPU
		{1B5BFCBD-0772-4B82-8C64-2329DC7ADE10}.Release|Any CPU.ActiveCfg = Release|Any CPU
		{1B5BFCBD-0772-4B82-8C64-2329DC7ADE10}.Release|Any CPU.Build.0 = Release|Any CPU
		{AEEC3F5A-5C00-4959-B4DB-5A773A6D1A42}.Debug|Any CPU.ActiveCfg = Debug|Any CPU
		{AEEC3F5A-5C00-4959-B4DB-5A773A6D1A42}.Debug|Any CPU.Build.0 = Debug|Any CPU
		{AEEC3F5A-5C00-4959-B4DB-5A773A6D1A42}.Release|Any CPU.ActiveCfg = Release|Any CPU
		{AEEC3F5A-5C00-4959-B4DB-5A773A6D1A42}.Release|Any CPU.Build.0 = Release|Any CPU
	EndGlobalSection
	GlobalSection(NestedProjects) = preSolution
		{AEEC3F5A-5C00-4959-B4DB-5A773A6D1A42} = {0A08A8D0-EAC6-4A5F-AB56-EFF95B5F8BC4}
	EndGlobalSection
EndGlobal
